
Microsoft Visual Studio Solution File, Format Version 12.00
# Visual Studio 15
VisualStudioVersion = 15.0.28307.421
MinimumVisualStudioVersion = 10.0.40219.1
Project("{FAE04EC0-301F-11D3-BF4B-00C04F79EFBC}") = "Grades", "Grades\Grades.csproj", "{13FBD61F-062E-4761-8240-D57ED706622D}"
EndProject
Global
	GlobalSection(SolutionConfigurationPlatforms) = preSolution
		Debug|Any CPU = Debug|Any CPU
		Release|Any CPU = Release|Any CPU
	EndGlobalSection
	GlobalSection(ProjectConfigurationPlatforms) = postSolution
		{13FBD61F-062E-4761-8240-D57ED706622D}.Debug|Any CPU.ActiveCfg = Debug|Any CPU
		{13FBD61F-062E-4761-8240-D57ED706622D}.Debug|Any CPU.Build.0 = Debug|Any CPU
		{13FBD61F-062E-4761-8240-D57ED706622D}.Release|Any CPU.ActiveCfg = Release|Any CPU
		{13FBD61F-062E-4761-8240-D57ED706622D}.Release|Any CPU.Build.0 = Release|Any CPU
	EndGlobalSection
	GlobalSection(SolutionProperties) = preSolution
		HideSolutionNode = FALSE
	EndGlobalSection
	GlobalSection(ExtensibilityGlobals) = postSolution
		SolutionGuid = {9D623211-1D77-4DEA-9FA8-574D778C3741}
	EndGlobalSection
EndGlobal
